
Microsoft Visual Studio Solution File, Format Version 12.00
# Visual Studio Version 17
VisualStudioVersion = 17.0.31903.59
MinimumVisualStudioVersion = 10.0.40219.1
Project("{FAE04EC0-301F-11D3-BF4B-00C04F79EFBC}") = "HelloWorldApi", "HelloWorldApi\HelloWorldApi.csproj", "{6E4C012A-FF49-47AF-9A8B-8C8157160523}"
EndProject
Project("{FAE04EC0-301F-11D3-BF4B-00C04F79EFBC}") = "HelloWorldApi.Tests", "HelloWorldApi.Tests\HelloWorldApi.Tests.csproj", "{B0B56C9E-1A41-46F3-BE79-2F76FF22FD6B}"
EndProject
Global
	GlobalSection(SolutionConfigurationPlatforms) = preSolution
		Debug|Any CPU = Debug|Any CPU
		Release|Any CPU = Release|Any CPU
	EndGlobalSection
	GlobalSection(SolutionProperties) = preSolution
		HideSolutionNode = FALSE
	EndGlobalSection
	GlobalSection(ProjectConfigurationPlatforms) = postSolution
		{6E4C012A-FF49-47AF-9A8B-8C8157160523}.Debug|Any CPU.ActiveCfg = Debug|Any CPU
		{6E4C012A-FF49-47AF-9A8B-8C8157160523}.Debug|Any CPU.Build.0 = Debug|Any CPU
		{6E4C012A-FF49-47AF-9A8B-8C8157160523}.Release|Any CPU.ActiveCfg = Release|Any CPU
		{6E4C012A-FF49-47AF-9A8B-8C8157160523}.Release|Any CPU.Build.0 = Release|Any CPU
		{B0B56C9E-1A41-46F3-BE79-2F76FF22FD6B}.Debug|Any CPU.ActiveCfg = Debug|Any CPU
		{B0B56C9E-1A41-46F3-BE79-2F76FF22FD6B}.Debug|Any CPU.Build.0 = Debug|Any CPU
		{B0B56C9E-1A41-46F3-BE79-2F76FF22FD6B}.Release|Any CPU.ActiveCfg = Release|Any CPU
		{B0B56C9E-1A41-46F3-BE79-2F76FF22FD6B}.Release|Any CPU.Build.0 = Release|Any CPU
	EndGlobalSection
EndGlobal
